
Microsoft Visual Studio Solution File, Format Version 12.00
# Visual Studio Version 17
VisualStudioVersion = 17.0.32112.339
MinimumVisualStudioVersion = 10.0.40219.1
Project("{FAE04EC0-301F-11D3-BF4B-00C04F79EFBC}") = "DataAccess", "DataAccess\DataAccess.csproj", "{71BC7818-FB2D-4DE9-8E95-A3C407A21610}"
EndProject
Global
	GlobalSection(SolutionConfigurationPlatforms) = preSolution
		Debug|Any CPU = Debug|Any CPU
		Release|Any CPU = Release|Any CPU
	EndGlobalSection
	GlobalSection(ProjectConfigurationPlatforms) = postSolution
		{71BC7818-FB2D-4DE9-8E95-A3C407A21610}.Debug|Any CPU.ActiveCfg = Debug|Any CPU
		{71BC7818-FB2D-4DE9-8E95-A3C407A21610}.Debug|Any CPU.Build.0 = Debug|Any CPU
		{71BC7818-FB2D-4DE9-8E95-A3C407A21610}.Release|Any CPU.ActiveCfg = Release|Any CPU
		{71BC7818-FB2D-4DE9-8E95-A3C407A21610}.Release|Any CPU.Build.0 = Release|Any CPU
	EndGlobalSection
	GlobalSection(SolutionProperties) = preSolution
		HideSolutionNode = FALSE
	EndGlobalSection
	GlobalSection(ExtensibilityGlobals) = postSolution
		SolutionGuid = {41EFC961-60F8-485B-9C51-B7D71E26AF25}
	EndGlobalSection
EndGlobal
